// !$*UTF8*$!
{
	archiveVersion = 1;
	classes = {
	};
	objectVersion = 50;
	objects = {

/* Begin PBXBuildFile section */
		A5590FFC258DE8910037ADA7 /* AppDelegate.m in Sources */ = {isa = PBXBuildFile; fileRef = A5590FFB258DE8910037ADA7 /* AppDelegate.m */; };
		A5590FFF258DE8910037ADA7 /* SceneDelegate.m in Sources */ = {isa = PBXBuildFile; fileRef = A5590FFE258DE8910037ADA7 /* SceneDelegate.m */; };
		A5591002258DE8910037ADA7 /* ViewController.m in Sources */ = {isa = PBXBuildFile; fileRef = A5591001258DE8910037ADA7 /* ViewController.m */; };
		A5591005258DE8910037ADA7 /* Main.storyboard in Resources */ = {isa = PBXBuildFile; fileRef = A5591003258DE8910037ADA7 /* Main.storyboard */; };
		A5591007258DE8920037ADA7 /* Assets.xcassets in Resources */ = {isa = PBXBuildFile; fileRef = A5591006258DE8920037ADA7 /* Assets.xcassets */; };
		A559100A258DE8920037ADA7 /* LaunchScreen.storyboard in Resources */ = {isa = PBXBuildFile; fileRef = A5591008258DE8920037ADA7 /* LaunchScreen.storyboard */; };
		A559100D258DE8920037ADA7 /* main.m in Sources */ = {isa = PBXBuildFile; fileRef = A559100C258DE8920037ADA7 /* main.m */; };
		A559101425904CC20037ADA7 /* cardvoice.mp3 in Resources */ = {isa = PBXBuildFile; fileRef = A559101325904CC20037ADA7 /* cardvoice.mp3 */; };
		A55910172591C5200037ADA7 /* GravityCollisionVC.m in Sources */ = {isa = PBXBuildFile; fileRef = A55910162591C5200037ADA7 /* GravityCollisionVC.m */; };
		A559101A2591C5700037ADA7 /* EmitterCellsVC.m in Sources */ = {isa = PBXBuildFile; fileRef = A55910192591C5700037ADA7 /* EmitterCellsVC.m */; };
		A55910202591E1450037ADA7 /* UIImage+Ex.m in Sources */ = {isa = PBXBuildFile; fileRef = A559101F2591E1450037ADA7 /* UIImage+Ex.m */; };
/* End PBXBuildFile section */

/* Begin PBXFileReference section */
		A5590FF7258DE8910037ADA7 /* Anima.app */ = {isa = PBXFileReference; explicitFileType = wrapper.application; includeInIndex = 0; path = Anima.app; sourceTree = BUILT_PRODUCTS_DIR; };
		A5590FFA258DE8910037ADA7 /* AppDelegate.h */ = {isa = PBXFileReference; lastKnownFileType = sourcecode.c.h; path = AppDelegate.h; sourceTree = "<group>"; };
		A5590FFB258DE8910037ADA7 /* AppDelegate.m */ = {isa = PBXFileReference; lastKnownFileType = sourcecode.c.objc; path = AppDelegate.m; sourceTree = "<group>"; };
		A5590FFD258DE8910037ADA7 /* SceneDelegate.h */ = {isa = PBXFileReference; lastKnownFileType = sourcecode.c.h; path = SceneDelegate.h; sourceTree = "<group>"; };
		A5590FFE258DE8910037ADA7 /* SceneDelegate.m */ = {isa = PBXFileReference; lastKnownFileType = sourcecode.c.objc; path = SceneDelegate.m; sourceTree = "<group>"; };
		A5591000258DE8910037ADA7 /* ViewController.h */ = {isa = PBXFileReference; lastKnownFileType = sourcecode.c.h; path = ViewController.h; sourceTree = "<group>"; };
		A5591001258DE8910037ADA7 /* ViewController.m */ = {isa = PBXFileReference; lastKnownFileType = sourcecode.c.objc; path = ViewController.m; sourceTree = "<group>"; };
		A5591004258DE8910037ADA7 /* Base */ = {isa = PBXFileReference; lastKnownFileType = file.storyboard; name = Base; path = Base.lproj/Main.storyboard; sourceTree = "<group>"; };
		A5591006258DE8920037ADA7 /* Assets.xcassets */ = {isa = PBXFileReference; lastKnownFileType = folder.assetcatalog; path = Assets.xcassets; sourceTree = "<group>"; };
		A5591009258DE8920037ADA7 /* Base */ = {isa = PBXFileReference; lastKnownFileType = file.storyboard; name = Base; path = Base.lproj/LaunchScreen.storyboard; sourceTree = "<group>"; };
		A559100B258DE8920037ADA7 /* Info.plist */ = {isa = PBXFileReference; lastKnownFileType = text.plist.xml; path = Info.plist; sourceTree = "<group>"; };
		A559100C258DE8920037ADA7 /* main.m */ = {isa = PBXFileReference; lastKnownFileType = sourcecode.c.objc; path = main.m; sourceTree = "<group>"; };
		A559101325904CC20037ADA7 /* cardvoice.mp3 */ = {isa = PBXFileReference; lastKnownFileType = audio.mp3; path = cardvoice.mp3; sourceTree = "<group>"; };
		A55910152591C5200037ADA7 /* GravityCollisionVC.h */ = {isa = PBXFileReference; lastKnownFileType = sourcecode.c.h; path = GravityCollisionVC.h; sourceTree = "<group>"; };
		A55910162591C5200037ADA7 /* GravityCollisionVC.m */ = {isa = PBXFileReference; lastKnownFileType = sourcecode.c.objc; path = GravityCollisionVC.m; sourceTree = "<group>"; };
		A55910182591C5700037ADA7 /* EmitterCellsVC.h */ = {isa = PBXFileReference; lastKnownFileType = sourcecode.c.h; path = EmitterCellsVC.h; sourceTree = "<group>"; };
		A55910192591C5700037ADA7 /* EmitterCellsVC.m */ = {isa = PBXFileReference; lastKnownFileType = sourcecode.c.objc; path = EmitterCellsVC.m; sourceTree = "<group>"; };
		A559101C2591C8F20037ADA7 /* PrefixHeader.pch */ = {isa = PBXFileReference; lastKnownFileType = sourcecode.c.h; path = PrefixHeader.pch; sourceTree = "<group>"; };
		A559101E2591E1450037ADA7 /* UIImage+Ex.h */ = {isa = PBXFileReference; lastKnownFileType = sourcecode.c.h; path = "UIImage+Ex.h"; sourceTree = "<group>"; };
		A559101F2591E1450037ADA7 /* UIImage+Ex.m */ = {isa = PBXFileReference; lastKnownFileType = sourcecode.c.objc; path = "UIImage+Ex.m"; sourceTree = "<group>"; };
/* End PBXFileReference section */

/* Begin PBXFrameworksBuildPhase section */
		A5590FF4258DE8910037ADA7 /* Frameworks */ = {
			isa = PBXFrameworksBuildPhase;
			buildActionMask = 2147483647;
			files = (
			);
			runOnlyForDeploymentPostprocessing = 0;
		};
/* End PBXFrameworksBuildPhase section */

/* Begin PBXGroup section */
		A5590FEE258DE8910037ADA7 = {
			isa = PBXGroup;
			children = (
				A5590FF9258DE8910037ADA7 /* Anima */,
				A5590FF8258DE8910037ADA7 /* Products */,
			);
			sourceTree = "<group>";
		};
		A5590FF8258DE8910037ADA7 /* Products */ = {
			isa = PBXGroup;
			children = (
				A5590FF7258DE8910037ADA7 /* Anima.app */,
			);
			name = Products;
			sourceTree = "<group>";
		};
		A5590FF9258DE8910037ADA7 /* Anima */ = {
			isa = PBXGroup;
			children = (
				A559101D2591E1210037ADA7 /* Category */,
				A559101B2591C5770037ADA7 /* Class */,
				A5590FFA258DE8910037ADA7 /* AppDelegate.h */,
				A5590FFB258DE8910037ADA7 /* AppDelegate.m */,
				A5590FFD258DE8910037ADA7 /* SceneDelegate.h */,
				A5590FFE258DE8910037ADA7 /* SceneDelegate.m */,
				A5591000258DE8910037ADA7 /* ViewController.h */,
				A5591001258DE8910037ADA7 /* ViewController.m */,
				A559101C2591C8F20037ADA7 /* PrefixHeader.pch */,
				A5591003258DE8910037ADA7 /* Main.storyboard */,
				A5591006258DE8920037ADA7 /* Assets.xcassets */,
				A5591008258DE8920037ADA7 /* LaunchScreen.storyboard */,
				A559100B258DE8920037ADA7 /* Info.plist */,
				A559100C258DE8920037ADA7 /* main.m */,
				A559101325904CC20037ADA7 /* cardvoice.mp3 */,
			);
			path = Anima;
			sourceTree = "<group>";
		};
		A559101B2591C5770037ADA7 /* Class */ = {
			isa = PBXGroup;
			children = (
				A55910182591C5700037ADA7 /* EmitterCellsVC.h */,
				A55910192591C5700037ADA7 /* EmitterCellsVC.m */,
				A55910152591C5200037ADA7 /* GravityCollisionVC.h */,
				A55910162591C5200037ADA7 /* GravityCollisionVC.m */,
			);
			path = Class;
			sourceTree = "<group>";
		};
		A559101D2591E1210037ADA7 /* Category */ = {
			isa = PBXGroup;
			children = (
				A559101E2591E1450037ADA7 /* UIImage+Ex.h */,
				A559101F2591E1450037ADA7 /* UIImage+Ex.m */,
			);
			path = Category;
			sourceTree = "<group>";
		};
/* End PBXGroup section */

/* Begin PBXNativeTarget section */
		A5590FF6258DE8910037ADA7 /* Anima */ = {
			isa = PBXNativeTarget;
			buildConfigurationList = A5591010258DE8920037ADA7 /* Build configuration list for PBXNativeTarget "Anima" */;
			buildPhases = (
				A5590FF3258DE8910037ADA7 /* Sources */,
				A5590FF4258DE8910037ADA7 /* Frameworks */,
				A5590FF5258DE8910037ADA7 /* Resources */,
			);
			buildRules = (
			);
			dependencies = (
			);
			name = Anima;
			productName = Anima;
			productReference = A5590FF7258DE8910037ADA7 /* Anima.app */;
			productType = "com.apple.product-type.application";
		};
/* End PBXNativeTarget section */

/* Begin PBXProject section */
		A5590FEF258DE8910037ADA7 /* Project object */ = {
			isa = PBXProject;
			attributes = {
				LastUpgradeCheck = 1110;
				ORGANIZATIONNAME = LJ;
				TargetAttributes = {
					A5590FF6258DE8910037ADA7 = {
						CreatedOnToolsVersion = 11.1;
					};
				};
			};
			buildConfigurationList = A5590FF2258DE8910037ADA7 /* Build configuration list for PBXProject "Anima" */;
			compatibilityVersion = "Xcode 9.3";
			developmentRegion = en;
			hasScannedForEncodings = 0;
			knownRegions = (
				en,
				Base,
			);
			mainGroup = A5590FEE258DE8910037ADA7;
			productRefGroup = A5590FF8258DE8910037ADA7 /* Products */;
			projectDirPath = "";
			projectRoot = "";
			targets = (
				A5590FF6258DE8910037ADA7 /* Anima */,
			);
		};
/* End PBXProject section */

/* Begin PBXResourcesBuildPhase section */
		A5590FF5258DE8910037ADA7 /* Resources */ = {
			isa = PBXResourcesBuildPhase;
			buildActionMask = 2147483647;
			files = (
				A559100A258DE8920037ADA7 /* LaunchScreen.storyboard in Resources */,
				A5591007258DE8920037ADA7 /* Assets.xcassets in Resources */,
				A5591005258DE8910037ADA7 /* Main.storyboard in Resources */,
				A559101425904CC20037ADA7 /* cardvoice.mp3 in Resources */,
			);
			runOnlyForDeploymentPostprocessing = 0;
		};
/* End PBXResourcesBuildPhase section */

/* Begin PBXSourcesBuildPhase section */
		A5590FF3258DE8910037ADA7 /* Sources */ = {
			isa = PBXSourcesBuildPhase;
			buildActionMask = 2147483647;
			files = (
				A55910172591C5200037ADA7 /* GravityCollisionVC.m in Sources */,
				A5591002258DE8910037ADA7 /* ViewController.m in Sources */,
				A5590FFC258DE8910037ADA7 /* AppDelegate.m in Sources */,
				A559101A2591C5700037ADA7 /* EmitterCellsVC.m in Sources */,
				A55910202591E1450037ADA7 /* UIImage+Ex.m in Sources */,
				A559100D258DE8920037ADA7 /* main.m in Sources */,
				A5590FFF258DE8910037ADA7 /* SceneDelegate.m in Sources */,
			);
			runOnlyForDeploymentPostprocessing = 0;
		};
/* End PBXSourcesBuildPhase section */

/* Begin PBXVariantGroup section */
		A5591003258DE8910037ADA7 /* Main.storyboard */ = {
			isa = PBXVariantGroup;
			children = (
				A5591004258DE8910037ADA7 /* Base */,
			);
			name = Main.storyboard;
			sourceTree = "<group>";
		};
		A5591008258DE8920037ADA7 /* LaunchScreen.storyboard */ = {
			isa = PBXVariantGroup;
			children = (
				A5591009258DE8920037ADA7 /* Base */,
			);
			name = LaunchScreen.storyboard;
			sourceTree = "<group>";
		};
/* End PBXVariantGroup section */

/* Begin XCBuildConfiguration section */
		A559100E258DE8920037ADA7 /* Debug */ = {
			isa = XCBuildConfiguration;
			buildSettings = {
				ALWAYS_SEARCH_USER_PATHS = NO;
				CLANG_ANALYZER_NONNULL = YES;
				CLANG_ANALYZER_NUMBER_OBJECT_CONVERSION = YES_AGGRESSIVE;
				CLANG_CXX_LANGUAGE_STANDARD = "gnu++14";
				CLANG_CXX_LIBRARY = "libc++";
				CLANG_ENABLE_MODULES = YES;
				CLANG_ENABLE_OBJC_ARC = YES;
				CLANG_ENABLE_OBJC_WEAK = YES;
				CLANG_WARN_BLOCK_CAPTURE_AUTORELEASING = YES;
				CLANG_WARN_BOOL_CONVERSION = YES;
				CLANG_WARN_COMMA = YES;
				CLANG_WARN_CONSTANT_CONVERSION = YES;
				CLANG_WARN_DEPRECATED_OBJC_IMPLEMENTATIONS = YES;
				CLANG_WARN_DIRECT_OBJC_ISA_USAGE = YES_ERROR;
				CLANG_WARN_DOCUMENTATION_COMMENTS = YES;
				CLANG_WARN_EMPTY_BODY = YES;
				CLANG_WARN_ENUM_CONVERSION = YES;
				CLANG_WARN_INFINITE_RECURSION = YES;
				CLANG_WARN_INT_CONVERSION = YES;
				CLANG_WARN_NON_LITERAL_NULL_CONVERSION = YES;
				CLANG_WARN_OBJC_IMPLICIT_RETAIN_SELF = YES;
				CLANG_WARN_OBJC_LITERAL_CONVERSION = YES;
				CLANG_WARN_OBJC_ROOT_CLASS = YES_ERROR;
				CLANG_WARN_RANGE_LOOP_ANALYSIS = YES;
				CLANG_WARN_STRICT_PROTOTYPES = YES;
				CLANG_WARN_SUSPICIOUS_MOVE = YES;
				CLANG_WARN_UNGUARDED_AVAILABILITY = YES_AGGRESSIVE;
				CLANG_WARN_UNREACHABLE_CODE = YES;
				CLANG_WARN__DUPLICATE_METHOD_MATCH = YES;
				COPY_PHASE_STRIP = NO;
				DEBUG_INFORMATION_FORMAT = dwarf;
				ENABLE_STRICT_OBJC_MSGSEND = YES;
				ENABLE_TESTABILITY = YES;
				GCC_C_LANGUAGE_STANDARD = gnu11;
				GCC_DYNAMIC_NO_PIC = NO;
				GCC_NO_COMMON_BLOCKS = YES;
				GCC_OPTIMIZATION_LEVEL = 0;
				GCC_PREPROCESSOR_DEFINITIONS = (
					"DEBUG=1",
					"$(inherited)",
				);
				GCC_WARN_64_TO_32_BIT_CONVERSION = YES;
				GCC_WARN_ABOUT_RETURN_TYPE = YES_ERROR;
				GCC_WARN_UNDECLARED_SELECTOR = YES;
				GCC_WARN_UNINITIALIZED_AUTOS = YES_AGGRESSIVE;
				GCC_WARN_UNUSED_FUNCTION = YES;
				GCC_WARN_UNUSED_VARIABLE = YES;
				IPHONEOS_DEPLOYMENT_TARGET = 11.0;
				MTL_ENABLE_DEBUG_INFO = INCLUDE_SOURCE;
				MTL_FAST_MATH = YES;
				ONLY_ACTIVE_ARCH = YES;
				SDKROOT = iphoneos;
			};
			name = Debug;
		};
		A559100F258DE8920037ADA7 /* Release */ = {
			isa = XCBuildConfiguration;
			buildSettings = {
				ALWAYS_SEARCH_USER_PATHS = NO;
				CLANG_ANALYZER_NONNULL = YES;
				CLANG_ANALYZER_NUMBER_OBJECT_CONVERSION = YES_AGGRESSIVE;
				CLANG_CXX_LANGUAGE_STANDARD = "gnu++14";
				CLANG_CXX_LIBRARY = "libc++";
				CLANG_ENABLE_MODULES = YES;
				CLANG_ENABLE_OBJC_ARC = YES;
				CLANG_ENABLE_OBJC_WEAK = YES;
				CLANG_WARN_BLOCK_CAPTURE_AUTORELEASING = YES;
				CLANG_WARN_BOOL_CONVERSION = YES;
				CLANG_WARN_COMMA = YES;
				CLANG_WARN_CONSTANT_CONVERSION = YES;
				CLANG_WARN_DEPRECATED_OBJC_IMPLEMENTATIONS = YES;
				CLANG_WARN_DIRECT_OBJC_ISA_USAGE = YES_ERROR;
				CLANG_WARN_DOCUMENTATION_COMMENTS = YES;
				CLANG_WARN_EMPTY_BODY = YES;
				CLANG_WARN_ENUM_CONVERSION = YES;
				CLANG_WARN_INFINITE_RECURSION = YES;
				CLANG_WARN_INT_CONVERSION = YES;
				CLANG_WARN_NON_LITERAL_NULL_CONVERSION = YES;
				CLANG_WARN_OBJC_IMPLICIT_RETAIN_SELF = YES;
				CLANG_WARN_OBJC_LITERAL_CONVERSION = YES;
				CLANG_WARN_OBJC_ROOT_CLASS = YES_ERROR;
				CLANG_WARN_RANGE_LOOP_ANALYSIS = YES;
				CLANG_WARN_STRICT_PROTOTYPES = YES;
				CLANG_WARN_SUSPICIOUS_MOVE = YES;
				CLANG_WARN_UNGUARDED_AVAILABILITY = YES_AGGRESSIVE;
				CLANG_WARN_UNREACHABLE_CODE = YES;
				CLANG_WARN__DUPLICATE_METHOD_MATCH = YES;
				COPY_PHASE_STRIP = NO;
				DEBUG_INFORMATION_FORMAT = "dwarf-with-dsym";
				ENABLE_NS_ASSERTIONS = NO;
				ENABLE_STRICT_OBJC_MSGSEND = YES;
				GCC_C_LANGUAGE_STANDARD = gnu11;
				GCC_NO_COMMON_BLOCKS = YES;
				GCC_WARN_64_TO_32_BIT_CONVERSION = YES;
				GCC_WARN_ABOUT_RETURN_TYPE = YES_ERROR;
				GCC_WARN_UNDECLARED_SELECTOR = YES;
				GCC_WARN_UNINITIALIZED_AUTOS = YES_AGGRESSIVE;
				GCC_WARN_UNUSED_FUNCTION = YES;
				GCC_WARN_UNUSED_VARIABLE = YES;
				IPHONEOS_DEPLOYMENT_TARGET = 11.0;
				MTL_ENABLE_DEBUG_INFO = NO;
				MTL_FAST_MATH = YES;
				SDKROOT = iphoneos;
				VALIDATE_PRODUCT = YES;
			};
			name = Release;
		};
		A5591011258DE8920037ADA7 /* Debug */ = {
			isa = XCBuildConfiguration;
			buildSettings = {
				ASSETCATALOG_COMPILER_APPICON_NAME = AppIcon;
				CODE_SIGN_IDENTITY = "iPhone Developer";
				CODE_SIGN_STYLE = Manual;
				DEVELOPMENT_TEAM = 6NFJ995XMX;
				GCC_PREFIX_HEADER = "${SRCROOT}/Anima/PrefixHeader.pch";
				INFOPLIST_FILE = Anima/Info.plist;
				LD_RUNPATH_SEARCH_PATHS = (
					"$(inherited)",
					"@executable_path/Frameworks",
				);
				PRODUCT_BUNDLE_IDENTIFIER = online.rainbowapp.www;
				PRODUCT_NAME = "$(TARGET_NAME)";
				PROVISIONING_PROFILE_SPECIFIER = rainbow_dev;
				TARGETED_DEVICE_FAMILY = "1,2";
			};
			name = Debug;
		};
		A5591012258DE8920037ADA7 /* Release */ = {
			isa = XCBuildConfiguration;
			buildSettings = {
				ASSETCATALOG_COMPILER_APPICON_NAME = AppIcon;
				CODE_SIGN_IDENTITY = "iPhone Developer";
				CODE_SIGN_STYLE = Manual;
				DEVELOPMENT_TEAM = 6NFJ995XMX;
				GCC_PREFIX_HEADER = "${SRCROOT}/Anima/PrefixHeader.pch";
				INFOPLIST_FILE = Anima/Info.plist;
				LD_RUNPATH_SEARCH_PATHS = (
					"$(inherited)",
					"@executable_path/Frameworks",
				);
				PRODUCT_BUNDLE_IDENTIFIER = online.rainbowapp.www;
				PRODUCT_NAME = "$(TARGET_NAME)";
				PROVISIONING_PROFILE_SPECIFIER = rainbow_dev;
				TARGETED_DEVICE_FAMILY = "1,2";
			};
			name = Release;
		};
/* End XCBuildConfiguration section */

/* Begin XCConfigurationList section */
		A5590FF2258DE8910037ADA7 /* Build configuration list for PBXProject "Anima" */ = {
			isa = XCConfigurationList;
			buildConfigurations = (
				A559100E258DE8920037ADA7 /* Debug */,
				A559100F258DE8920037ADA7 /* Release */,
			);
			defaultConfigurationIsVisible = 0;
			defaultConfigurationName = Release;
		};
		A5591010258DE8920037ADA7 /* Build configuration list for PBXNativeTarget "Anima" */ = {
			isa = XCConfigurationList;
			buildConfigurations = (
				A5591011258DE8920037ADA7 /* Debug */,
				A5591012258DE8920037ADA7 /* Release */,
			);
			defaultConfigurationIsVisible = 0;
			defaultConfigurationName = Release;
		};
/* End XCConfigurationList section */
	};
	rootObject = A5590FEF258DE8910037ADA7 /* Project object */;
}
